{
  "name": "cdk-dynamo-table-viewer",
  "version": "0.1.1",
  "lockfileVersion": 1,
  "requires": true,
  "dependencies": {
    "@aws-cdk/assets": {
      "version": "0.13.0",
      "resolved": "https://registry.npmjs.org/@aws-cdk/assets/-/assets-0.13.0.tgz",
      "integrity": "sha512-dZvrvQPKbv5m/sciO61wC8Y/XdZOzUjnc/ONu2XoLesMea6PxupG7wmdyxZxroxoG+L3GsBYbXSsdi6IAqi3Dg==",
      "requires": {
        "@aws-cdk/aws-iam": "^0.13.0",
        "@aws-cdk/aws-s3": "^0.13.0",
        "@aws-cdk/cdk": "^0.13.0",
        "@aws-cdk/cx-api": "^0.13.0"
      }
    },
    "@aws-cdk/aws-apigateway": {
      "version": "0.13.0",
      "resolved": "https://registry.npmjs.org/@aws-cdk/aws-apigateway/-/aws-apigateway-0.13.0.tgz",
      "integrity": "sha512-gdd/tuStgKM+ZN4Vc2lMaMNQdBHz6uVHXdK6wzrVCbFNkWmu3kHgkl255jDz1NR2whvTFYbKx63OUFHb44jRLQ==",
      "requires": {
        "@aws-cdk/aws-iam": "^0.13.0",
        "@aws-cdk/aws-lambda": "^0.13.0",
        "@aws-cdk/cdk": "^0.13.0"
      }
    },
    "@aws-cdk/aws-applicationautoscaling": {
      "version": "0.13.0",
      "resolved": "https://registry.npmjs.org/@aws-cdk/aws-applicationautoscaling/-/aws-applicationautoscaling-0.13.0.tgz",
      "integrity": "sha512-zluUkHfkRb9TVeObUIM19LzJShDiXMB1+0cxJNEiezLcjZ+q6B9SezrkEKUcPH+SCrZnckAwXQMMQQolFvnQBg==",
      "requires": {
        "@aws-cdk/cdk": "^0.13.0"
      }
    },
    "@aws-cdk/aws-cloudwatch": {
      "version": "0.13.0",
      "resolved": "https://registry.npmjs.org/@aws-cdk/aws-cloudwatch/-/aws-cloudwatch-0.13.0.tgz",
      "integrity": "sha512-WI40qX4AB9CybGdAZuJJuFLlrto1oiCZZBGfNJELeAV2BTCGf3H0plHSBB5YfTip+rwe/s15UlhkXl8R+vx7rg==",
      "requires": {
        "@aws-cdk/aws-iam": "^0.13.0",
        "@aws-cdk/cdk": "^0.13.0"
      }
    },
    "@aws-cdk/aws-codepipeline-api": {
      "version": "0.13.0",
      "resolved": "https://registry.npmjs.org/@aws-cdk/aws-codepipeline-api/-/aws-codepipeline-api-0.13.0.tgz",
      "integrity": "sha512-Qvf8aC4c7Xnyc7B6ek3lyTCOFRkTIGwiH92nyJ1GaBBoOYjalCMqIisVZQSMHu94DTiHbJ4eA2A6rvDfKRb9Ig==",
      "requires": {
        "@aws-cdk/aws-events": "^0.13.0",
        "@aws-cdk/aws-iam": "^0.13.0",
        "@aws-cdk/cdk": "^0.13.0"
      }
    },
    "@aws-cdk/aws-dynamodb": {
      "version": "0.13.0",
      "resolved": "https://registry.npmjs.org/@aws-cdk/aws-dynamodb/-/aws-dynamodb-0.13.0.tgz",
      "integrity": "sha512-pVEky0OK0Qgo32kMX+0zjlqzEwU9wZy12ZYGi18fRMDWaL/hqEvb+XqKeqhUtyKLJLfLlowEdasI9ud742eFzw==",
      "requires": {
        "@aws-cdk/aws-applicationautoscaling": "^0.13.0",
        "@aws-cdk/aws-iam": "^0.13.0",
        "@aws-cdk/cdk": "^0.13.0"
      }
    },
    "@aws-cdk/aws-ec2": {
      "version": "0.13.0",
      "resolved": "https://registry.npmjs.org/@aws-cdk/aws-ec2/-/aws-ec2-0.13.0.tgz",
      "integrity": "sha512-+B69hrr3IkJD2KWdtIVXlFbbpR7hL2iyOAX6IkO76wpNpQC3TMVz7BEIQ031mn0BbiiUvuitNO7BAWLTh5GSQw==",
      "requires": {
        "@aws-cdk/aws-iam": "^0.13.0",
        "@aws-cdk/cdk": "^0.13.0"
      }
    },
    "@aws-cdk/aws-events": {
      "version": "0.13.0",
      "resolved": "https://registry.npmjs.org/@aws-cdk/aws-events/-/aws-events-0.13.0.tgz",
      "integrity": "sha512-oH6dLnSInt/AOZG9F+b1pQa7kf5aRAbxc+eD5krEI6a/pycceBplaZPGHXRuApa8Qbl5Y2DyeN8rnbOlNgFO6w==",
      "requires": {
        "@aws-cdk/aws-iam": "^0.13.0",
        "@aws-cdk/cdk": "^0.13.0"
      }
    },
    "@aws-cdk/aws-iam": {
      "version": "0.13.0",
      "resolved": "https://registry.npmjs.org/@aws-cdk/aws-iam/-/aws-iam-0.13.0.tgz",
      "integrity": "sha512-hXyZAnlz8xgOdSuF1mV0DS9wJ4s35g7K0QsADtE9752/bsxeOSw/MLhyxXIZTAsqxEOR3O4UtPdCvTkFBOe44A==",
      "requires": {
        "@aws-cdk/cdk": "^0.13.0"
      }
    },
    "@aws-cdk/aws-kms": {
      "version": "0.13.0",
      "resolved": "https://registry.npmjs.org/@aws-cdk/aws-kms/-/aws-kms-0.13.0.tgz",
      "integrity": "sha512-zYg116eWMJGRbJiqDKFwDiQpz0fTuusJzaeuvPhSGxWCQ8XXeMpais+EEFA6oR5IqpgKF8rd9hWVwspRz+Z30Q==",
      "requires": {
        "@aws-cdk/aws-iam": "^0.13.0",
        "@aws-cdk/cdk": "^0.13.0"
      }
    },
    "@aws-cdk/aws-lambda": {
      "version": "0.13.0",
      "resolved": "https://registry.npmjs.org/@aws-cdk/aws-lambda/-/aws-lambda-0.13.0.tgz",
      "integrity": "sha512-P4nz3gEY6xJvSUlsRB5oC+y3MUX6CvKSy5eS+b3BJKQm7UcUICMoEkpe4837ceIoEVcat7w9JBM+nIr5mam5kw==",
      "requires": {
        "@aws-cdk/assets": "^0.13.0",
        "@aws-cdk/aws-cloudwatch": "^0.13.0",
        "@aws-cdk/aws-codepipeline-api": "^0.13.0",
        "@aws-cdk/aws-ec2": "^0.13.0",
        "@aws-cdk/aws-events": "^0.13.0",
        "@aws-cdk/aws-iam": "^0.13.0",
        "@aws-cdk/aws-logs": "^0.13.0",
        "@aws-cdk/aws-s3": "^0.13.0",
        "@aws-cdk/aws-s3-notifications": "^0.13.0",
        "@aws-cdk/aws-sqs": "^0.13.0",
        "@aws-cdk/aws-stepfunctions": "^0.13.0",
        "@aws-cdk/cdk": "^0.13.0",
        "@aws-cdk/cx-api": "^0.13.0"
      }
    },
    "@aws-cdk/aws-logs": {
      "version": "0.13.0",
      "resolved": "https://registry.npmjs.org/@aws-cdk/aws-logs/-/aws-logs-0.13.0.tgz",
      "integrity": "sha512-85L4v3VDyBwmHh5KVUAEKkTWTDAfz+h/s9i66iCToot4DRF3ikMonP9aXkToIem5F9yvt3N77f9Wrncio31ozg==",
      "requires": {
        "@aws-cdk/aws-cloudwatch": "^0.13.0",
        "@aws-cdk/aws-iam": "^0.13.0",
        "@aws-cdk/cdk": "^0.13.0"
      }
    },
    "@aws-cdk/aws-s3": {
      "version": "0.13.0",
      "resolved": "https://registry.npmjs.org/@aws-cdk/aws-s3/-/aws-s3-0.13.0.tgz",
      "integrity": "sha512-ZDccgrAQPOKR/RqnT9ZLF5iF4Vr8w3omqtXLKpfOKS2pBk8xY9qD2+ThFUKGw5uqafwf/1T4IR1P+z5WAhCLZg==",
      "requires": {
        "@aws-cdk/aws-codepipeline-api": "^0.13.0",
        "@aws-cdk/aws-iam": "^0.13.0",
        "@aws-cdk/aws-kms": "^0.13.0",
        "@aws-cdk/aws-s3-notifications": "^0.13.0",
        "@aws-cdk/cdk": "^0.13.0"
      }
    },
    "@aws-cdk/aws-s3-notifications": {
      "version": "0.13.0",
      "resolved": "https://registry.npmjs.org/@aws-cdk/aws-s3-notifications/-/aws-s3-notifications-0.13.0.tgz",
      "integrity": "sha512-R+IM540+ihKE0jifCg/L/++e0omXbGZXAh9HL1+CCFFX64ppFN/kzqjsucRzUwwm6mdL3IcKJU/wbrAOFa1KwA==",
      "requires": {
        "@aws-cdk/cdk": "^0.13.0"
      }
    },
    "@aws-cdk/aws-sqs": {
      "version": "0.13.0",
      "resolved": "https://registry.npmjs.org/@aws-cdk/aws-sqs/-/aws-sqs-0.13.0.tgz",
      "integrity": "sha512-zO2FCtNJCLTRdpPK37dwnIXvQuCKomIAn1lCXp8alFWVmPPvjZAsPZ+2va/hvbbn12XEUv2x9GuA73YbQ1oCIw==",
      "requires": {
        "@aws-cdk/aws-iam": "^0.13.0",
        "@aws-cdk/aws-kms": "^0.13.0",
        "@aws-cdk/aws-s3-notifications": "^0.13.0",
        "@aws-cdk/cdk": "^0.13.0"
      }
    },
    "@aws-cdk/aws-stepfunctions": {
      "version": "0.13.0",
      "resolved": "https://registry.npmjs.org/@aws-cdk/aws-stepfunctions/-/aws-stepfunctions-0.13.0.tgz",
      "integrity": "sha512-mAXvJoG5CPVJhT5TXvrpwMH+ecejxtqcJOBxpPW/zUTIyu7V2kc+CanrxnlISB+cuiXc3B8qp9XaqcDwjo3SIQ==",
      "requires": {
        "@aws-cdk/aws-cloudwatch": "^0.13.0",
        "@aws-cdk/aws-events": "^0.13.0",
        "@aws-cdk/aws-iam": "^0.13.0",
        "@aws-cdk/cdk": "^0.13.0"
      }
    },
    "@aws-cdk/cdk": {
      "version": "0.13.0",
      "resolved": "https://registry.npmjs.org/@aws-cdk/cdk/-/cdk-0.13.0.tgz",
      "integrity": "sha512-TW1ZfQ6X07tWh88Psljm/eMiEA291m3uvpyyQ3W5fei16U3Y5b0+tzZkq3pIFHYuj3S2K+trqXMzL5mlISBrIg==",
      "requires": {
        "@aws-cdk/cx-api": "^0.13.0",
        "js-base64": "^2.4.5",
        "json-diff": "^0.3.1"
      },
      "dependencies": {
        "cli-color": {
          "version": "0.1.7",
          "bundled": true,
          "requires": {
            "es5-ext": "0.8.x"
          }
        },
        "difflib": {
          "version": "0.2.4",
          "bundled": true,
          "requires": {
            "heap": ">= 0.2.0"
          }
        },
        "dreamopt": {
          "version": "0.6.0",
          "bundled": true,
          "requires": {
            "wordwrap": ">=0.0.2"
          }
        },
        "es5-ext": {
          "version": "0.8.2",
          "bundled": true
        },
        "heap": {
          "version": "0.2.6",
          "bundled": true
        },
        "js-base64": {
          "version": "2.4.9",
          "bundled": true
        },
        "json-diff": {
          "version": "0.3.1",
          "bundled": true,
          "requires": {
            "cli-color": "~0.1.6",
            "difflib": "~0.2.1",
            "dreamopt": "~0.6.0"
          }
        },
        "wordwrap": {
          "version": "1.0.0",
          "bundled": true
        }
      }
    },
    "@aws-cdk/cx-api": {
      "version": "0.13.0",
      "resolved": "https://registry.npmjs.org/@aws-cdk/cx-api/-/cx-api-0.13.0.tgz",
      "integrity": "sha512-rAvlOpRqpo6O+VtyxAJowUfQOesYExAtCTpEinwmf7MvBbCEjuJX62/BX5PttnqBjqQ3jVAk5q1uIg+lU/RemQ=="
    },
    "@types/node": {
      "version": "10.12.0",
      "resolved": "https://registry.npmjs.org/@types/node/-/node-10.12.0.tgz",
      "integrity": "sha512-3TUHC3jsBAB7qVRGxT6lWyYo2v96BMmD2PTcl47H25Lu7UXtFH/2qqmKiVrnel6Ne//0TFYf6uvNX+HW2FRkLQ==",
      "dev": true
    },
    "typescript": {
      "version": "3.1.3",
      "resolved": "https://registry.npmjs.org/typescript/-/typescript-3.1.3.tgz",
      "integrity": "sha512-+81MUSyX+BaSo+u2RbozuQk/UWx6hfG0a5gHu4ANEM4sU96XbuIyAB+rWBW1u70c6a5QuZfuYICn3s2UjuHUpA==",
      "dev": true
    }
  }
}
