{
  "name": "cdk-dynamo-table-viewer",
  "version": "2.0.1",
  "lockfileVersion": 1,
  "requires": true,
  "dependencies": {
    "@aws-cdk/assets": {
      "version": "0.31.0",
      "resolved": "https://registry.npmjs.org/@aws-cdk/assets/-/assets-0.31.0.tgz",
      "integrity": "sha512-kwZN/pJHTIweD6UPRf1qO+jUnq/qZXioc7v1uqoosDJV3Ewnb/sl+Vld1s44YOgfSJBUf4axUfUXmIbijSeaNw==",
      "requires": {
        "@aws-cdk/aws-iam": "^0.31.0",
        "@aws-cdk/aws-s3": "^0.31.0",
        "@aws-cdk/cdk": "^0.31.0",
        "@aws-cdk/cx-api": "^0.31.0",
        "minimatch": "^3.0.4"
      },
      "dependencies": {
        "balanced-match": {
          "version": "1.0.0",
          "bundled": true
        },
        "brace-expansion": {
          "version": "1.1.11",
          "bundled": true,
          "requires": {
            "balanced-match": "^1.0.0",
            "concat-map": "0.0.1"
          }
        },
        "concat-map": {
          "version": "0.0.1",
          "bundled": true
        },
        "minimatch": {
          "version": "3.0.4",
          "bundled": true,
          "requires": {
            "brace-expansion": "^1.1.7"
          }
        }
      }
    },
    "@aws-cdk/aws-apigateway": {
      "version": "0.31.0",
      "resolved": "https://registry.npmjs.org/@aws-cdk/aws-apigateway/-/aws-apigateway-0.31.0.tgz",
      "integrity": "sha512-w7gKWx8YwTsY/iXZrL6L9woH1OEhnHLTV8TCxbhlruC694uxiBOTq6t2Svq5Aw2HfGgWiB9+AqE2EAu/wBAgvQ==",
      "requires": {
        "@aws-cdk/aws-elasticloadbalancingv2": "^0.31.0",
        "@aws-cdk/aws-iam": "^0.31.0",
        "@aws-cdk/aws-lambda": "^0.31.0",
        "@aws-cdk/cdk": "^0.31.0"
      }
    },
    "@aws-cdk/aws-applicationautoscaling": {
      "version": "0.31.0",
      "resolved": "https://registry.npmjs.org/@aws-cdk/aws-applicationautoscaling/-/aws-applicationautoscaling-0.31.0.tgz",
      "integrity": "sha512-uoFcO7eFrFXrVa45Dfb8Hc9HFji+7Z450GoenDUSKUBA5nKgRzYNndJINQM05sn693Swf+4zI1tOC5Hn7vrv2Q==",
      "requires": {
        "@aws-cdk/aws-autoscaling-common": "^0.31.0",
        "@aws-cdk/aws-cloudwatch": "^0.31.0",
        "@aws-cdk/aws-iam": "^0.31.0",
        "@aws-cdk/cdk": "^0.31.0"
      }
    },
    "@aws-cdk/aws-autoscaling-api": {
      "version": "0.31.0",
      "resolved": "https://registry.npmjs.org/@aws-cdk/aws-autoscaling-api/-/aws-autoscaling-api-0.31.0.tgz",
      "integrity": "sha512-h22ltvMtN2PUcJxryAOC7uG/WRkn14V/nbMgJoxD9EPzCGj45oz4LOLjiG61oBf3fx5B4+uCIVm+0OycB9kdng==",
      "requires": {
        "@aws-cdk/aws-iam": "^0.31.0",
        "@aws-cdk/cdk": "^0.31.0"
      }
    },
    "@aws-cdk/aws-autoscaling-common": {
      "version": "0.31.0",
      "resolved": "https://registry.npmjs.org/@aws-cdk/aws-autoscaling-common/-/aws-autoscaling-common-0.31.0.tgz",
      "integrity": "sha512-nGRY5sguqV09Dt/9gPG3pZigNSbtqD6OiUu2XTS4T2t8SW/llUAafwmOPvMfgcdjdWwCaupHXOWwt0G7ClzdhA==",
      "requires": {
        "@aws-cdk/aws-iam": "^0.31.0",
        "@aws-cdk/cdk": "^0.31.0"
      }
    },
    "@aws-cdk/aws-certificatemanager": {
      "version": "0.31.0",
      "resolved": "https://registry.npmjs.org/@aws-cdk/aws-certificatemanager/-/aws-certificatemanager-0.31.0.tgz",
      "integrity": "sha512-FfODWG0yLoSkQjOD9wyyd0GnEeif72lZ08W63MkqMgAUv+qcL7JO/l5FlWS2JUV19fdk1wzfH5SM9ULiJLR43w==",
      "requires": {
        "@aws-cdk/aws-cloudformation": "^0.31.0",
        "@aws-cdk/aws-iam": "^0.31.0",
        "@aws-cdk/aws-lambda": "^0.31.0",
        "@aws-cdk/aws-route53": "^0.31.0",
        "@aws-cdk/cdk": "^0.31.0"
      }
    },
    "@aws-cdk/aws-cloudformation": {
      "version": "0.31.0",
      "resolved": "https://registry.npmjs.org/@aws-cdk/aws-cloudformation/-/aws-cloudformation-0.31.0.tgz",
      "integrity": "sha512-dEspOuA+/HgYGyWTAEaW11OYAQyDtHRwgLFF6PVN7MujGoc65gyt1VH1+jXljG2XnbbHkLm9OynyAgeRVZEvoQ==",
      "requires": {
        "@aws-cdk/aws-iam": "^0.31.0",
        "@aws-cdk/aws-lambda": "^0.31.0",
        "@aws-cdk/aws-sns": "^0.31.0",
        "@aws-cdk/cdk": "^0.31.0"
      }
    },
    "@aws-cdk/aws-cloudwatch": {
      "version": "0.31.0",
      "resolved": "https://registry.npmjs.org/@aws-cdk/aws-cloudwatch/-/aws-cloudwatch-0.31.0.tgz",
      "integrity": "sha512-+p/KT0gcuweKpNffrppLhEyrxP/dbXL053QsUURirLrI2FKkd0SsLUv7bSJUQRUhQz9aAFIsPO26ttbYm9bM3A==",
      "requires": {
        "@aws-cdk/aws-iam": "^0.31.0",
        "@aws-cdk/cdk": "^0.31.0"
      }
    },
    "@aws-cdk/aws-codedeploy-api": {
      "version": "0.31.0",
      "resolved": "https://registry.npmjs.org/@aws-cdk/aws-codedeploy-api/-/aws-codedeploy-api-0.31.0.tgz",
      "integrity": "sha512-BA1l1f1oJPJblMXD4ubhJigrI/SGN7YNuNSaShfz6VtL9s64ad1GaLnn058pfR/j8Uw4S2umw9N/HHJsi4YZHw==",
      "requires": {
        "@aws-cdk/cdk": "^0.31.0"
      }
    },
    "@aws-cdk/aws-dynamodb": {
      "version": "0.31.0",
      "resolved": "https://registry.npmjs.org/@aws-cdk/aws-dynamodb/-/aws-dynamodb-0.31.0.tgz",
      "integrity": "sha512-QNeQN47ELgn/oXYJMJdiCtfRhgc9Kzbuohe9D66mdsWvE4tkvY9xXzfkf/rvwNMLI1sDSeWtOemyBHd+d49TZw==",
      "requires": {
        "@aws-cdk/aws-applicationautoscaling": "^0.31.0",
        "@aws-cdk/aws-iam": "^0.31.0",
        "@aws-cdk/cdk": "^0.31.0"
      }
    },
    "@aws-cdk/aws-ec2": {
      "version": "0.31.0",
      "resolved": "https://registry.npmjs.org/@aws-cdk/aws-ec2/-/aws-ec2-0.31.0.tgz",
      "integrity": "sha512-et4PZr4VRG2bdz2XcZjpo1XuMuUzIQvHshXwSSMBgFBaj0fXiBlzFsFtZbza+XGY52VdmBZQTTHOhRaBv8nrKA==",
      "requires": {
        "@aws-cdk/aws-cloudwatch": "^0.31.0",
        "@aws-cdk/aws-iam": "^0.31.0",
        "@aws-cdk/cdk": "^0.31.0",
        "@aws-cdk/cx-api": "^0.31.0"
      }
    },
    "@aws-cdk/aws-elasticloadbalancingv2": {
      "version": "0.31.0",
      "resolved": "https://registry.npmjs.org/@aws-cdk/aws-elasticloadbalancingv2/-/aws-elasticloadbalancingv2-0.31.0.tgz",
      "integrity": "sha512-2n3GwlbcAqhQdXF4Lasv4qrB3scc9HwfNaQKGdu7soMuC0KXI1YMV38Tuu6zXOawTXcJIifAddv8Pg0Bs/UFNg==",
      "requires": {
        "@aws-cdk/aws-certificatemanager": "^0.31.0",
        "@aws-cdk/aws-cloudwatch": "^0.31.0",
        "@aws-cdk/aws-codedeploy-api": "^0.31.0",
        "@aws-cdk/aws-ec2": "^0.31.0",
        "@aws-cdk/aws-iam": "^0.31.0",
        "@aws-cdk/aws-route53": "^0.31.0",
        "@aws-cdk/aws-s3": "^0.31.0",
        "@aws-cdk/cdk": "^0.31.0"
      }
    },
    "@aws-cdk/aws-events": {
      "version": "0.31.0",
      "resolved": "https://registry.npmjs.org/@aws-cdk/aws-events/-/aws-events-0.31.0.tgz",
      "integrity": "sha512-AZ/u+5c3qaR3YwnRUhLUVcAGhAZ3perXjy23l4vtSp7vxV+ElaMi50mdHzkEbLvCIVVdx6Nn28qjjdoJxs2pLQ==",
      "requires": {
        "@aws-cdk/aws-iam": "^0.31.0",
        "@aws-cdk/cdk": "^0.31.0"
      }
    },
    "@aws-cdk/aws-iam": {
      "version": "0.31.0",
      "resolved": "https://registry.npmjs.org/@aws-cdk/aws-iam/-/aws-iam-0.31.0.tgz",
      "integrity": "sha512-qaSJFYQrhXQVGzixHMa9BKq0Xsp9ae+Q0p3uUWqpec4oa+qE0xDj71ldn0alf/h9EoN7ekGxXIk9kWJP3XpSuw==",
      "requires": {
        "@aws-cdk/cdk": "^0.31.0",
        "@aws-cdk/region-info": "^0.31.0"
      }
    },
    "@aws-cdk/aws-kms": {
      "version": "0.31.0",
      "resolved": "https://registry.npmjs.org/@aws-cdk/aws-kms/-/aws-kms-0.31.0.tgz",
      "integrity": "sha512-7f/vaMNivwKU+u8lWk3ZzunstuVEn3kMBr14FbzQxNm5DTfVSI5hSUaVEK5u1Fs2Mvvnl0E9XYhjxAEy1kBacA==",
      "requires": {
        "@aws-cdk/aws-iam": "^0.31.0",
        "@aws-cdk/cdk": "^0.31.0"
      }
    },
    "@aws-cdk/aws-lambda": {
      "version": "0.31.0",
      "resolved": "https://registry.npmjs.org/@aws-cdk/aws-lambda/-/aws-lambda-0.31.0.tgz",
      "integrity": "sha512-FUbCjF9z2tyALLGl29LSfOpOZEVPOd2AdehnM0t98WJscsdREzzr1PkcGma0zpZyxIuO1oumF/YBIdcwMTBEYA==",
      "requires": {
        "@aws-cdk/assets": "^0.31.0",
        "@aws-cdk/aws-cloudwatch": "^0.31.0",
        "@aws-cdk/aws-ec2": "^0.31.0",
        "@aws-cdk/aws-events": "^0.31.0",
        "@aws-cdk/aws-iam": "^0.31.0",
        "@aws-cdk/aws-logs": "^0.31.0",
        "@aws-cdk/aws-s3": "^0.31.0",
        "@aws-cdk/aws-s3-notifications": "^0.31.0",
        "@aws-cdk/aws-sqs": "^0.31.0",
        "@aws-cdk/aws-stepfunctions": "^0.31.0",
        "@aws-cdk/cdk": "^0.31.0",
        "@aws-cdk/cx-api": "^0.31.0"
      }
    },
    "@aws-cdk/aws-logs": {
      "version": "0.31.0",
      "resolved": "https://registry.npmjs.org/@aws-cdk/aws-logs/-/aws-logs-0.31.0.tgz",
      "integrity": "sha512-hxxXIKvxute+eTjQLMDcYTwA9M/YkXlSXWTMCUvbrpgz4YSLAdIqBy0LbjusDXP9hVVfX1hjcmc+/oHHGFi3Tw==",
      "requires": {
        "@aws-cdk/aws-cloudwatch": "^0.31.0",
        "@aws-cdk/aws-iam": "^0.31.0",
        "@aws-cdk/cdk": "^0.31.0"
      }
    },
    "@aws-cdk/aws-route53": {
      "version": "0.31.0",
      "resolved": "https://registry.npmjs.org/@aws-cdk/aws-route53/-/aws-route53-0.31.0.tgz",
      "integrity": "sha512-vjW8bOjFjNIPZ5Y4OVdmr9TpssOfb3yuEJpQaS4xdQvxsiHvMosnAJDO146mOydjKG5gvtecoqXpuea1GqMPJg==",
      "requires": {
        "@aws-cdk/aws-ec2": "^0.31.0",
        "@aws-cdk/aws-logs": "^0.31.0",
        "@aws-cdk/cdk": "^0.31.0",
        "@aws-cdk/cx-api": "^0.31.0"
      }
    },
    "@aws-cdk/aws-s3": {
      "version": "0.31.0",
      "resolved": "https://registry.npmjs.org/@aws-cdk/aws-s3/-/aws-s3-0.31.0.tgz",
      "integrity": "sha512-YcBqDHKQQe9411cYSxGUsCFYANVIWtCUfuAkEmArO0NhoFFIZ76fpBYzyveJAH9ZT6sF2KDMi9V3wX6NNC4eeQ==",
      "requires": {
        "@aws-cdk/aws-events": "^0.31.0",
        "@aws-cdk/aws-iam": "^0.31.0",
        "@aws-cdk/aws-kms": "^0.31.0",
        "@aws-cdk/aws-s3-notifications": "^0.31.0",
        "@aws-cdk/cdk": "^0.31.0"
      }
    },
    "@aws-cdk/aws-s3-notifications": {
      "version": "0.31.0",
      "resolved": "https://registry.npmjs.org/@aws-cdk/aws-s3-notifications/-/aws-s3-notifications-0.31.0.tgz",
      "integrity": "sha512-AasFN+U5tAzjAyEGuKh1/km+SLJFwLsQ4FkPMurT2pqBX42A2hhg3qqkJHZEhUgBy4ywTNZMBXf79lApAKajQQ==",
      "requires": {
        "@aws-cdk/cdk": "^0.31.0"
      }
    },
    "@aws-cdk/aws-sns": {
      "version": "0.31.0",
      "resolved": "https://registry.npmjs.org/@aws-cdk/aws-sns/-/aws-sns-0.31.0.tgz",
      "integrity": "sha512-SHOldVHqF7PCBDU0SYKd1QioZiijtBw43LXVaH3ApQLMa8Ii4U7JMF79EcGGl+AzcLRfEuLVTec/RcygFCR6dA==",
      "requires": {
        "@aws-cdk/aws-autoscaling-api": "^0.31.0",
        "@aws-cdk/aws-cloudwatch": "^0.31.0",
        "@aws-cdk/aws-events": "^0.31.0",
        "@aws-cdk/aws-iam": "^0.31.0",
        "@aws-cdk/aws-lambda": "^0.31.0",
        "@aws-cdk/aws-s3-notifications": "^0.31.0",
        "@aws-cdk/aws-sqs": "^0.31.0",
        "@aws-cdk/cdk": "^0.31.0"
      }
    },
    "@aws-cdk/aws-sqs": {
      "version": "0.31.0",
      "resolved": "https://registry.npmjs.org/@aws-cdk/aws-sqs/-/aws-sqs-0.31.0.tgz",
      "integrity": "sha512-5T5pN8APFu7JUWDvoiH8wndMKoeSU8ejsvJAKpz3SJn3zIcW6loGQieYWnw4yeFcIqaEUo7ASzMjQ3RDySvKfg==",
      "requires": {
        "@aws-cdk/aws-autoscaling-api": "^0.31.0",
        "@aws-cdk/aws-cloudwatch": "^0.31.0",
        "@aws-cdk/aws-iam": "^0.31.0",
        "@aws-cdk/aws-kms": "^0.31.0",
        "@aws-cdk/aws-s3-notifications": "^0.31.0",
        "@aws-cdk/cdk": "^0.31.0"
      }
    },
    "@aws-cdk/aws-stepfunctions": {
      "version": "0.31.0",
      "resolved": "https://registry.npmjs.org/@aws-cdk/aws-stepfunctions/-/aws-stepfunctions-0.31.0.tgz",
      "integrity": "sha512-zK2zLhBiYo3prYDeBXW2jpqkwnBpVnMSgNv3cuelN4eT5AFaAUqcUqC6utbF5IsTuFU2pwCwVNzGBdgr6ePGhw==",
      "requires": {
        "@aws-cdk/aws-cloudwatch": "^0.31.0",
        "@aws-cdk/aws-events": "^0.31.0",
        "@aws-cdk/aws-iam": "^0.31.0",
        "@aws-cdk/cdk": "^0.31.0"
      }
    },
    "@aws-cdk/cdk": {
      "version": "0.31.0",
      "resolved": "https://registry.npmjs.org/@aws-cdk/cdk/-/cdk-0.31.0.tgz",
      "integrity": "sha512-61JW4pKm9VYomVOq17kR3rz8XF1IhtFEMawCs+kuKAUF8Uwlioitv4J4yo+tgrYDUfskyvG+JG53Umb895DsRQ==",
      "requires": {
        "@aws-cdk/cx-api": "^0.31.0"
      }
    },
    "@aws-cdk/cx-api": {
      "version": "0.31.0",
      "resolved": "https://registry.npmjs.org/@aws-cdk/cx-api/-/cx-api-0.31.0.tgz",
      "integrity": "sha512-rtsxW20267r6FY2xUKZRf10zdACULTf7PV2fVrdc6uhZcN/wS2u54LKmtP+OeAfzqit6WZ/M1LxVvKdkIgEWTg=="
    },
    "@aws-cdk/region-info": {
      "version": "0.31.0",
      "resolved": "https://registry.npmjs.org/@aws-cdk/region-info/-/region-info-0.31.0.tgz",
      "integrity": "sha512-nrqHi6vx9A36tO4meog0vhMjxmVvQGMCyTLFWj+6wYDf2GZGBq/mzaLvtorl/wn1104eTHWJ39RMOAPclPlC+Q=="
    },
    "@types/node": {
      "version": "11.11.4",
      "resolved": "https://registry.npmjs.org/@types/node/-/node-11.11.4.tgz",
      "integrity": "sha512-02tIL+QIi/RW4E5xILdoAMjeJ9kYq5t5S2vciUdFPXv/ikFTb0zK8q9vXkg4+WAJuYXGiVT1H28AkD2C+IkXVw==",
      "dev": true
    },
    "buffer-from": {
      "version": "1.1.1",
      "resolved": "https://registry.npmjs.org/buffer-from/-/buffer-from-1.1.1.tgz",
      "integrity": "sha512-MQcXEUbCKtEo7bhqEs6560Hyd4XaovZlO/k9V3hjVUF/zwW7KBVdSK4gIt/bzwS9MbR5qob+F5jusZsb0YQK2A=="
    },
    "source-map": {
      "version": "0.6.1",
      "resolved": "https://registry.npmjs.org/source-map/-/source-map-0.6.1.tgz",
      "integrity": "sha512-UjgapumWlbMhkBgzT7Ykc5YXUT46F0iKu8SGXq0bcwP5dz/h0Plj6enJqjz1Zbq2l5WaqYnrVbwWOWMyF3F47g=="
    },
    "source-map-support": {
      "version": "0.5.11",
      "resolved": "https://registry.npmjs.org/source-map-support/-/source-map-support-0.5.11.tgz",
      "integrity": "sha512-//sajEx/fGL3iw6fltKMdPvy8kL3kJ2O3iuYlRoT3k9Kb4BjOoZ+BZzaNHeuaruSt+Kf3Zk9tnfAQg9/AJqUVQ==",
      "requires": {
        "buffer-from": "^1.0.0",
        "source-map": "^0.6.0"
      }
    },
    "typescript": {
      "version": "3.3.4000",
      "resolved": "https://registry.npmjs.org/typescript/-/typescript-3.3.4000.tgz",
      "integrity": "sha512-jjOcCZvpkl2+z7JFn0yBOoLQyLoIkNZAs/fYJkUG6VKy6zLPHJGfQJYFHzibB6GJaF/8QrcECtlQ5cpvRHSMEA==",
      "dev": true
    }
  }
}
